
Microsoft Visual Studio Solution File, Format Version 12.00
# Visual Studio Express 15 for Windows Desktop
VisualStudioVersion = 15.0.27703.2047
MinimumVisualStudioVersion = 10.0.40219.1
Project("{FAE04EC0-301F-11D3-BF4B-00C04F79EFBC}") = "AutoKey3", "AutoMouse\AutoKey3.csproj", "{1E088178-C6D2-487F-8FA4-A7BBF7CDA668}"
EndProject
Global
	GlobalSection(SolutionConfigurationPlatforms) = preSolution
		Debug|Any CPU = Debug|Any CPU
		Release|Any CPU = Release|Any CPU
	EndGlobalSection
	GlobalSection(ProjectConfigurationPlatforms) = postSolution
		{1E088178-C6D2-487F-8FA4-A7BBF7CDA668}.Debug|Any CPU.ActiveCfg = Debug|Any CPU
		{1E088178-C6D2-487F-8FA4-A7BBF7CDA668}.Debug|Any CPU.Build.0 = Debug|Any CPU
		{1E088178-C6D2-487F-8FA4-A7BBF7CDA668}.Release|Any CPU.ActiveCfg = Release|Any CPU
		{1E088178-C6D2-487F-8FA4-A7BBF7CDA668}.Release|Any CPU.Build.0 = Release|Any CPU
	EndGlobalSection
	GlobalSection(SolutionProperties) = preSolution
		HideSolutionNode = FALSE
	EndGlobalSection
	GlobalSection(ExtensibilityGlobals) = postSolution
		SolutionGuid = {CE63E15B-D107-4101-974D-B35ABE175B1D}
	EndGlobalSection
EndGlobal
